
Microsoft Visual Studio Solution File, Format Version 12.00
# Visual Studio Version 17
VisualStudioVersion = 17.9.34723.18
MinimumVisualStudioVersion = 10.0.40219.1
Project("{FAE04EC0-301F-11D3-BF4B-00C04F79EFBC}") = "O365Poc.Server", "O365Poc\O365Poc.Server\O365Poc.Server.csproj", "{D2DEFEC0-CDB7-42DD-9657-B80C9745F71B}"
EndProject
Project("{54A90642-561A-4BB1-A94E-469ADEE60C69}") = "O365poc.Client", "O365Poc\O365poc.Client\O365poc.Client.esproj", "{11753D2C-F346-4F04-BC1A-3157625C3E60}"
EndProject
Global
	GlobalSection(SolutionConfigurationPlatforms) = preSolution
		Debug|Any CPU = Debug|Any CPU
		Release|Any CPU = Release|Any CPU
	EndGlobalSection
	GlobalSection(ProjectConfigurationPlatforms) = postSolution
		{D2DEFEC0-CDB7-42DD-9657-B80C9745F71B}.Debug|Any CPU.ActiveCfg = Debug|Any CPU
		{D2DEFEC0-CDB7-42DD-9657-B80C9745F71B}.Debug|Any CPU.Build.0 = Debug|Any CPU
		{D2DEFEC0-CDB7-42DD-9657-B80C9745F71B}.Release|Any CPU.ActiveCfg = Release|Any CPU
		{D2DEFEC0-CDB7-42DD-9657-B80C9745F71B}.Release|Any CPU.Build.0 = Release|Any CPU
		{11753D2C-F346-4F04-BC1A-3157625C3E60}.Debug|Any CPU.ActiveCfg = Debug|Any CPU
		{11753D2C-F346-4F04-BC1A-3157625C3E60}.Debug|Any CPU.Build.0 = Debug|Any CPU
		{11753D2C-F346-4F04-BC1A-3157625C3E60}.Debug|Any CPU.Deploy.0 = Debug|Any CPU
		{11753D2C-F346-4F04-BC1A-3157625C3E60}.Release|Any CPU.ActiveCfg = Release|Any CPU
		{11753D2C-F346-4F04-BC1A-3157625C3E60}.Release|Any CPU.Build.0 = Release|Any CPU
		{11753D2C-F346-4F04-BC1A-3157625C3E60}.Release|Any CPU.Deploy.0 = Release|Any CPU
	EndGlobalSection
	GlobalSection(SolutionProperties) = preSolution
		HideSolutionNode = FALSE
	EndGlobalSection
	GlobalSection(ExtensibilityGlobals) = postSolution
		SolutionGuid = {2ADE2DBD-8736-403C-8A07-D02C9DCE4E07}
	EndGlobalSection
EndGlobal
